
Microsoft Visual Studio Solution File, Format Version 12.00
# Visual Studio Version 16
VisualStudioVersion = 16.0.31313.79
MinimumVisualStudioVersion = 10.0.40219.1
Project("{FAE04EC0-301F-11D3-BF4B-00C04F79EFBC}") = "WindowsFormsApp1", "WindowsFormsApp1\WindowsFormsApp1.csproj", "{FC5A248F-D4BE-48D3-842C-DAA2A9AB14E9}"
EndProject
Global
	GlobalSection(SolutionConfigurationPlatforms) = preSolution
		Debug|Any CPU = Debug|Any CPU
		Release|Any CPU = Release|Any CPU
	EndGlobalSection
	GlobalSection(ProjectConfigurationPlatforms) = postSolution
		{FC5A248F-D4BE-48D3-842C-DAA2A9AB14E9}.Debug|Any CPU.ActiveCfg = Debug|Any CPU
		{FC5A248F-D4BE-48D3-842C-DAA2A9AB14E9}.Debug|Any CPU.Build.0 = Debug|Any CPU
		{FC5A248F-D4BE-48D3-842C-DAA2A9AB14E9}.Release|Any CPU.ActiveCfg = Release|Any CPU
		{FC5A248F-D4BE-48D3-842C-DAA2A9AB14E9}.Release|Any CPU.Build.0 = Release|Any CPU
	EndGlobalSection
	GlobalSection(SolutionProperties) = preSolution
		HideSolutionNode = FALSE
	EndGlobalSection
	GlobalSection(ExtensibilityGlobals) = postSolution
		SolutionGuid = {0D3C3C5C-7EBE-4A13-8E9A-ED50873ED302}
	EndGlobalSection
EndGlobal
